
Microsoft Visual Studio Solution File, Format Version 12.00
# Visual Studio Version 16
VisualStudioVersion = 16.0.29728.190
MinimumVisualStudioVersion = 10.0.40219.1
Project("{F2A71F9B-5D33-465A-A702-920D77279786}") = "SimpleGreeting", "SimpleGreeting.fsproj", "{530A7C58-352F-43C7-A364-F99D66C8CECA}"
EndProject
Global
	GlobalSection(SolutionConfigurationPlatforms) = preSolution
		Debug|Any CPU = Debug|Any CPU
		Release|Any CPU = Release|Any CPU
	EndGlobalSection
	GlobalSection(ProjectConfigurationPlatforms) = postSolution
		{530A7C58-352F-43C7-A364-F99D66C8CECA}.Debug|Any CPU.ActiveCfg = Debug|Any CPU
		{530A7C58-352F-43C7-A364-F99D66C8CECA}.Debug|Any CPU.Build.0 = Debug|Any CPU
		{530A7C58-352F-43C7-A364-F99D66C8CECA}.Release|Any CPU.ActiveCfg = Release|Any CPU
		{530A7C58-352F-43C7-A364-F99D66C8CECA}.Release|Any CPU.Build.0 = Release|Any CPU
	EndGlobalSection
	GlobalSection(SolutionProperties) = preSolution
		HideSolutionNode = FALSE
	EndGlobalSection
	GlobalSection(ExtensibilityGlobals) = postSolution
		SolutionGuid = {55EE60C4-3187-4546-BEFE-9345DFFA0744}
	EndGlobalSection
EndGlobal
